
Microsoft Visual Studio Solution File, Format Version 12.00
# Visual Studio Version 16
VisualStudioVersion = 16.0.30804.86
MinimumVisualStudioVersion = 10.0.40219.1
Project("{FAE04EC0-301F-11D3-BF4B-00C04F79EFBC}") = "WebApiPruebaAlpha", "WebApiPruebaAlpha.csproj", "{194B537F-04FC-4F94-A361-0425DABF1F34}"
EndProject
Global
	GlobalSection(SolutionConfigurationPlatforms) = preSolution
		Debug|Any CPU = Debug|Any CPU
		Release|Any CPU = Release|Any CPU
	EndGlobalSection
	GlobalSection(ProjectConfigurationPlatforms) = postSolution
		{194B537F-04FC-4F94-A361-0425DABF1F34}.Debug|Any CPU.ActiveCfg = Debug|Any CPU
		{194B537F-04FC-4F94-A361-0425DABF1F34}.Debug|Any CPU.Build.0 = Debug|Any CPU
		{194B537F-04FC-4F94-A361-0425DABF1F34}.Release|Any CPU.ActiveCfg = Release|Any CPU
		{194B537F-04FC-4F94-A361-0425DABF1F34}.Release|Any CPU.Build.0 = Release|Any CPU
	EndGlobalSection
	GlobalSection(SolutionProperties) = preSolution
		HideSolutionNode = FALSE
	EndGlobalSection
	GlobalSection(ExtensibilityGlobals) = postSolution
		SolutionGuid = {48BB0709-EF24-4E5D-B6A4-BA1EBE754991}
	EndGlobalSection
EndGlobal
